
Microsoft Visual Studio Solution File, Format Version 12.00
# Visual Studio Version 17
VisualStudioVersion = 17.8.34330.188
MinimumVisualStudioVersion = 10.0.40219.1
Project("{2150E333-8FDC-42A3-9474-1A3956D46DE8}") = "firstTask", "firstTask", "{CE4BCE4D-A16D-44C9-8E18-840DF7587A07}"
EndProject
Project("{9A19103F-16F7-4668-BE54-9A1E7A4F7556}") = "WebAPI", "WebAPI\WebAPI.csproj", "{26A14833-3587-411A-9D7C-FACE6A818C99}"
EndProject
Project("{2150E333-8FDC-42A3-9474-1A3956D46DE8}") = "secondTask", "secondTask", "{3B51D1C0-E85B-4A56-A5D2-84ED8070FDC3}"
EndProject
Project("{9A19103F-16F7-4668-BE54-9A1E7A4F7556}") = "WebAPI2", "WebAPI2\WebAPI2.csproj", "{CCB4A1AE-24CC-448A-9893-BB04E02FD134}"
EndProject
Project("{2150E333-8FDC-42A3-9474-1A3956D46DE8}") = "thirdTask", "thirdTask", "{93888F2E-0B20-4780-99AF-969AD71FFC34}"
EndProject
Project("{9A19103F-16F7-4668-BE54-9A1E7A4F7556}") = "WebAPI4", "WebAPI4\WebAPI4.csproj", "{D1554DA3-24B9-417C-BC97-B48665F061C2}"
EndProject
Project("{2150E333-8FDC-42A3-9474-1A3956D46DE8}") = "fourthTask", "fourthTask", "{56E366F5-38B3-41BA-95B0-D908A4C091F6}"
EndProject
Project("{FAE04EC0-301F-11D3-BF4B-00C04F79EFBC}") = "HotelApp", "HotelApp\HotelApp.csproj", "{787734AA-7A25-4E10-9873-5087941794F1}"
EndProject
Project("{FAE04EC0-301F-11D3-BF4B-00C04F79EFBC}") = "HotelApp.Entities", "HotelApp.Entities\HotelApp.Entities.csproj", "{A1A6690A-0860-486E-9A55-1FF365C1B716}"
EndProject
Global
	GlobalSection(SolutionConfigurationPlatforms) = preSolution
		Debug|Any CPU = Debug|Any CPU
		Release|Any CPU = Release|Any CPU
	EndGlobalSection
	GlobalSection(ProjectConfigurationPlatforms) = postSolution
		{26A14833-3587-411A-9D7C-FACE6A818C99}.Debug|Any CPU.ActiveCfg = Debug|Any CPU
		{26A14833-3587-411A-9D7C-FACE6A818C99}.Debug|Any CPU.Build.0 = Debug|Any CPU
		{26A14833-3587-411A-9D7C-FACE6A818C99}.Release|Any CPU.ActiveCfg = Release|Any CPU
		{26A14833-3587-411A-9D7C-FACE6A818C99}.Release|Any CPU.Build.0 = Release|Any CPU
		{CCB4A1AE-24CC-448A-9893-BB04E02FD134}.Debug|Any CPU.ActiveCfg = Debug|Any CPU
		{CCB4A1AE-24CC-448A-9893-BB04E02FD134}.Debug|Any CPU.Build.0 = Debug|Any CPU
		{CCB4A1AE-24CC-448A-9893-BB04E02FD134}.Release|Any CPU.ActiveCfg = Release|Any CPU
		{CCB4A1AE-24CC-448A-9893-BB04E02FD134}.Release|Any CPU.Build.0 = Release|Any CPU
		{D1554DA3-24B9-417C-BC97-B48665F061C2}.Debug|Any CPU.ActiveCfg = Debug|Any CPU
		{D1554DA3-24B9-417C-BC97-B48665F061C2}.Debug|Any CPU.Build.0 = Debug|Any CPU
		{D1554DA3-24B9-417C-BC97-B48665F061C2}.Release|Any CPU.ActiveCfg = Release|Any CPU
		{D1554DA3-24B9-417C-BC97-B48665F061C2}.Release|Any CPU.Build.0 = Release|Any CPU
		{787734AA-7A25-4E10-9873-5087941794F1}.Debug|Any CPU.ActiveCfg = Debug|Any CPU
		{787734AA-7A25-4E10-9873-5087941794F1}.Debug|Any CPU.Build.0 = Debug|Any CPU
		{787734AA-7A25-4E10-9873-5087941794F1}.Release|Any CPU.ActiveCfg = Release|Any CPU
		{787734AA-7A25-4E10-9873-5087941794F1}.Release|Any CPU.Build.0 = Release|Any CPU
		{A1A6690A-0860-486E-9A55-1FF365C1B716}.Debug|Any CPU.ActiveCfg = Debug|Any CPU
		{A1A6690A-0860-486E-9A55-1FF365C1B716}.Debug|Any CPU.Build.0 = Debug|Any CPU
		{A1A6690A-0860-486E-9A55-1FF365C1B716}.Release|Any CPU.ActiveCfg = Release|Any CPU
		{A1A6690A-0860-486E-9A55-1FF365C1B716}.Release|Any CPU.Build.0 = Release|Any CPU
	EndGlobalSection
	GlobalSection(SolutionProperties) = preSolution
		HideSolutionNode = FALSE
	EndGlobalSection
	GlobalSection(NestedProjects) = preSolution
		{26A14833-3587-411A-9D7C-FACE6A818C99} = {CE4BCE4D-A16D-44C9-8E18-840DF7587A07}
		{CCB4A1AE-24CC-448A-9893-BB04E02FD134} = {3B51D1C0-E85B-4A56-A5D2-84ED8070FDC3}
		{D1554DA3-24B9-417C-BC97-B48665F061C2} = {93888F2E-0B20-4780-99AF-969AD71FFC34}
		{787734AA-7A25-4E10-9873-5087941794F1} = {56E366F5-38B3-41BA-95B0-D908A4C091F6}
		{A1A6690A-0860-486E-9A55-1FF365C1B716} = {56E366F5-38B3-41BA-95B0-D908A4C091F6}
	EndGlobalSection
	GlobalSection(ExtensibilityGlobals) = postSolution
		SolutionGuid = {92CA8A5E-1171-4BDE-8185-027995630A7D}
	EndGlobalSection
EndGlobal
